{
  "name": "qc-report-inspector",
  "version": "0.0.1",
  "lockfileVersion": 3,
  "requires": true,
  "packages": {
    "": {
      "name": "qc-report-inspector",
      "version": "0.0.1",
      "dependencies": {
        "xmllint-wasm": "4.0.2"
      }
    },
    "node_modules/xmllint-wasm": {
      "version": "4.0.2",
      "resolved": "https://registry.npmjs.org/xmllint-wasm/-/xmllint-wasm-4.0.2.tgz",
      "integrity": "sha512-tJxQzA9krv9gaQxYFJ/NVrpLf/wpWYPKjweCLMNbjooBTsW7/O26pyc3Pd0Lp0oTLUMFir/MEX3ybY/hhRjIpw==",
      "license": "MIT",
      "engines": {
        "node": ">=12.4.0"
      }
    }
  }
}
